
Microsoft Visual Studio Solution File, Format Version 12.00
# Visual Studio Version 16
VisualStudioVersion = 16.0.31911.196
MinimumVisualStudioVersion = 10.0.40219.1
Project("{FAE04EC0-301F-11D3-BF4B-00C04F79EFBC}") = "UTS_DataHadir", "UTS_DataHadir\UTS_DataHadir.csproj", "{C02152A4-B124-4C5B-BCA2-F5AA62FCE902}"
EndProject
Global
	GlobalSection(SolutionConfigurationPlatforms) = preSolution
		Debug|Any CPU = Debug|Any CPU
		Release|Any CPU = Release|Any CPU
	EndGlobalSection
	GlobalSection(ProjectConfigurationPlatforms) = postSolution
		{C02152A4-B124-4C5B-BCA2-F5AA62FCE902}.Debug|Any CPU.ActiveCfg = Debug|Any CPU
		{C02152A4-B124-4C5B-BCA2-F5AA62FCE902}.Debug|Any CPU.Build.0 = Debug|Any CPU
		{C02152A4-B124-4C5B-BCA2-F5AA62FCE902}.Release|Any CPU.ActiveCfg = Release|Any CPU
		{C02152A4-B124-4C5B-BCA2-F5AA62FCE902}.Release|Any CPU.Build.0 = Release|Any CPU
	EndGlobalSection
	GlobalSection(SolutionProperties) = preSolution
		HideSolutionNode = FALSE
	EndGlobalSection
	GlobalSection(ExtensibilityGlobals) = postSolution
		SolutionGuid = {0489E8EA-A772-4145-84EF-5633496C1516}
	EndGlobalSection
EndGlobal
